
Microsoft Visual Studio Solution File, Format Version 12.00
# Visual Studio Version 17
VisualStudioVersion = 17.7.34221.43
MinimumVisualStudioVersion = 10.0.40219.1
Project("{9A19103F-16F7-4668-BE54-9A1E7A4F7556}") = "SomethingAwesomeProject", "SomethingAwesomeProject\SomethingAwesomeProject.csproj", "{55A593BA-9797-4576-A2ED-DB5F89F57987}"
EndProject
Global
	GlobalSection(SolutionConfigurationPlatforms) = preSolution
		Debug|Any CPU = Debug|Any CPU
		Debug|x64 = Debug|x64
		Debug|x86 = Debug|x86
		Release|Any CPU = Release|Any CPU
		Release|x64 = Release|x64
		Release|x86 = Release|x86
	EndGlobalSection
	GlobalSection(ProjectConfigurationPlatforms) = postSolution
		{55A593BA-9797-4576-A2ED-DB5F89F57987}.Debug|Any CPU.ActiveCfg = Debug|Any CPU
		{55A593BA-9797-4576-A2ED-DB5F89F57987}.Debug|Any CPU.Build.0 = Debug|Any CPU
		{55A593BA-9797-4576-A2ED-DB5F89F57987}.Debug|x64.ActiveCfg = Debug|x64
		{55A593BA-9797-4576-A2ED-DB5F89F57987}.Debug|x64.Build.0 = Debug|x64
		{55A593BA-9797-4576-A2ED-DB5F89F57987}.Debug|x86.ActiveCfg = Debug|x86
		{55A593BA-9797-4576-A2ED-DB5F89F57987}.Debug|x86.Build.0 = Debug|x86
		{55A593BA-9797-4576-A2ED-DB5F89F57987}.Release|Any CPU.ActiveCfg = Release|Any CPU
		{55A593BA-9797-4576-A2ED-DB5F89F57987}.Release|Any CPU.Build.0 = Release|Any CPU
		{55A593BA-9797-4576-A2ED-DB5F89F57987}.Release|x64.ActiveCfg = Release|x64
		{55A593BA-9797-4576-A2ED-DB5F89F57987}.Release|x64.Build.0 = Release|x64
		{55A593BA-9797-4576-A2ED-DB5F89F57987}.Release|x86.ActiveCfg = Release|x86
		{55A593BA-9797-4576-A2ED-DB5F89F57987}.Release|x86.Build.0 = Release|x86
	EndGlobalSection
	GlobalSection(SolutionProperties) = preSolution
		HideSolutionNode = FALSE
	EndGlobalSection
	GlobalSection(ExtensibilityGlobals) = postSolution
		SolutionGuid = {4352E442-1336-4E87-983A-AD2D27E07011}
	EndGlobalSection
EndGlobal
